// !$*UTF8*$!
{
	archiveVersion = 1;
	classes = {
	};
	objectVersion = 56;
	objects = {

/* Begin PBXBuildFile section */
		FA4E975F2AA8E18900E27282 /* FirebaseFirestoreSwift-Beta in Frameworks */ = {isa = PBXBuildFile; productRef = FA4E975E2AA8E18900E27282 /* FirebaseFirestoreSwift-Beta */; };
		FA4E97612AA8E72600E27282 /* User.swift in Sources */ = {isa = PBXBuildFile; fileRef = FA4E97602AA8E72600E27282 /* User.swift */; };
		FA4E97632AA8E82600E27282 /* RootView.swift in Sources */ = {isa = PBXBuildFile; fileRef = FA4E97622AA8E82600E27282 /* RootView.swift */; };
		FA503EA72AA6CF7B0060454E /* ChatTodoApp.swift in Sources */ = {isa = PBXBuildFile; fileRef = FA503EA62AA6CF7B0060454E /* ChatTodoApp.swift */; };
		FA503EAB2AA6CF7E0060454E /* Assets.xcassets in Resources */ = {isa = PBXBuildFile; fileRef = FA503EAA2AA6CF7E0060454E /* Assets.xcassets */; };
		FA503EAE2AA6CF7E0060454E /* Preview Assets.xcassets in Resources */ = {isa = PBXBuildFile; fileRef = FA503EAD2AA6CF7E0060454E /* Preview Assets.xcassets */; };
		FA503EBA2AA6D17B0060454E /* LoginView.swift in Sources */ = {isa = PBXBuildFile; fileRef = FA503EB92AA6D17B0060454E /* LoginView.swift */; };
		FA503EBE2AA6D9290060454E /* RegisterView.swift in Sources */ = {isa = PBXBuildFile; fileRef = FA503EBD2AA6D9290060454E /* RegisterView.swift */; };
		FAA156752AA82FE700E20A16 /* ProfileView.swift in Sources */ = {isa = PBXBuildFile; fileRef = FAA156742AA82FE600E20A16 /* ProfileView.swift */; };
		FAA156772AA8324F00E20A16 /* RowSectionView.swift in Sources */ = {isa = PBXBuildFile; fileRef = FAA156762AA8324F00E20A16 /* RowSectionView.swift */; };
		FAA1568C2AA873D500E20A16 /* FirebaseAuth in Frameworks */ = {isa = PBXBuildFile; productRef = FAA1568B2AA873D500E20A16 /* FirebaseAuth */; };
		FAA1568E2AA873D500E20A16 /* FirebaseFirestore in Frameworks */ = {isa = PBXBuildFile; productRef = FAA1568D2AA873D500E20A16 /* FirebaseFirestore */; };
		FAA156902AA873D500E20A16 /* FirebaseStorage in Frameworks */ = {isa = PBXBuildFile; productRef = FAA1568F2AA873D500E20A16 /* FirebaseStorage */; };
		FAA156922AA873FC00E20A16 /* GoogleService-Info.plist in Resources */ = {isa = PBXBuildFile; fileRef = FAA156912AA873FC00E20A16 /* GoogleService-Info.plist */; };
		FAA156942AA8CA6500E20A16 /* AuthViewModel.swift in Sources */ = {isa = PBXBuildFile; fileRef = FAA156932AA8CA6500E20A16 /* AuthViewModel.swift */; };
		FAA156962AA8D02100E20A16 /* InputTextFieldView.swift in Sources */ = {isa = PBXBuildFile; fileRef = FAA156952AA8D02100E20A16 /* InputTextFieldView.swift */; };
/* End PBXBuildFile section */

/* Begin PBXFileReference section */
		FA4E97602AA8E72600E27282 /* User.swift */ = {isa = PBXFileReference; lastKnownFileType = sourcecode.swift; path = User.swift; sourceTree = "<group>"; };
		FA4E97622AA8E82600E27282 /* RootView.swift */ = {isa = PBXFileReference; lastKnownFileType = sourcecode.swift; path = RootView.swift; sourceTree = "<group>"; };
		FA503EA32AA6CF7B0060454E /* ChatTodo.app */ = {isa = PBXFileReference; explicitFileType = wrapper.application; includeInIndex = 0; path = ChatTodo.app; sourceTree = BUILT_PRODUCTS_DIR; };
		FA503EA62AA6CF7B0060454E /* ChatTodoApp.swift */ = {isa = PBXFileReference; lastKnownFileType = sourcecode.swift; path = ChatTodoApp.swift; sourceTree = "<group>"; };
		FA503EAA2AA6CF7E0060454E /* Assets.xcassets */ = {isa = PBXFileReference; lastKnownFileType = folder.assetcatalog; path = Assets.xcassets; sourceTree = "<group>"; };
		FA503EAD2AA6CF7E0060454E /* Preview Assets.xcassets */ = {isa = PBXFileReference; lastKnownFileType = folder.assetcatalog; path = "Preview Assets.xcassets"; sourceTree = "<group>"; };
		FA503EB92AA6D17B0060454E /* LoginView.swift */ = {isa = PBXFileReference; lastKnownFileType = sourcecode.swift; path = LoginView.swift; sourceTree = "<group>"; };
		FA503EBD2AA6D9290060454E /* RegisterView.swift */ = {isa = PBXFileReference; lastKnownFileType = sourcecode.swift; path = RegisterView.swift; sourceTree = "<group>"; };
		FAA156742AA82FE600E20A16 /* ProfileView.swift */ = {isa = PBXFileReference; lastKnownFileType = sourcecode.swift; path = ProfileView.swift; sourceTree = "<group>"; };
		FAA156762AA8324F00E20A16 /* RowSectionView.swift */ = {isa = PBXFileReference; lastKnownFileType = sourcecode.swift; path = RowSectionView.swift; sourceTree = "<group>"; };
		FAA156912AA873FC00E20A16 /* GoogleService-Info.plist */ = {isa = PBXFileReference; fileEncoding = 4; lastKnownFileType = text.plist.xml; path = "GoogleService-Info.plist"; sourceTree = "<group>"; };
		FAA156932AA8CA6500E20A16 /* AuthViewModel.swift */ = {isa = PBXFileReference; lastKnownFileType = sourcecode.swift; path = AuthViewModel.swift; sourceTree = "<group>"; };
		FAA156952AA8D02100E20A16 /* InputTextFieldView.swift */ = {isa = PBXFileReference; lastKnownFileType = sourcecode.swift; path = InputTextFieldView.swift; sourceTree = "<group>"; };
/* End PBXFileReference section */

/* Begin PBXFrameworksBuildPhase section */
		FA503EA02AA6CF7B0060454E /* Frameworks */ = {
			isa = PBXFrameworksBuildPhase;
			buildActionMask = 2147483647;
			files = (
				FAA1568C2AA873D500E20A16 /* FirebaseAuth in Frameworks */,
				FA4E975F2AA8E18900E27282 /* FirebaseFirestoreSwift-Beta in Frameworks */,
				FAA1568E2AA873D500E20A16 /* FirebaseFirestore in Frameworks */,
				FAA156902AA873D500E20A16 /* FirebaseStorage in Frameworks */,
			);
			runOnlyForDeploymentPostprocessing = 0;
		};
/* End PBXFrameworksBuildPhase section */

/* Begin PBXGroup section */
		FA4E97642AA8F65500E27282 /* Todo */ = {
			isa = PBXGroup;
			children = (
			);
			path = Todo;
			sourceTree = "<group>";
		};
		FA4E97652AA8F67600E27282 /* BaseView */ = {
			isa = PBXGroup;
			children = (
				FAA156762AA8324F00E20A16 /* RowSectionView.swift */,
				FAA156952AA8D02100E20A16 /* InputTextFieldView.swift */,
			);
			path = BaseView;
			sourceTree = "<group>";
		};
		FA503E9A2AA6CF7B0060454E = {
			isa = PBXGroup;
			children = (
				FA503EA52AA6CF7B0060454E /* ChatTodo */,
				FA503EA42AA6CF7B0060454E /* Products */,
				FAA1567B2AA8646E00E20A16 /* Frameworks */,
			);
			sourceTree = "<group>";
		};
		FA503EA42AA6CF7B0060454E /* Products */ = {
			isa = PBXGroup;
			children = (
				FA503EA32AA6CF7B0060454E /* ChatTodo.app */,
			);
			name = Products;
			sourceTree = "<group>";
		};
		FA503EA52AA6CF7B0060454E /* ChatTodo */ = {
			isa = PBXGroup;
			children = (
				FA503EB52AA6CFEF0060454E /* App */,
				FAA1566A2AA81D6900E20A16 /* Domain */,
				FA503EB42AA6CFC50060454E /* Module */,
				FA503EAA2AA6CF7E0060454E /* Assets.xcassets */,
				FAA156912AA873FC00E20A16 /* GoogleService-Info.plist */,
				FA503EAC2AA6CF7E0060454E /* Preview Content */,
			);
			path = ChatTodo;
			sourceTree = "<group>";
		};
		FA503EAC2AA6CF7E0060454E /* Preview Content */ = {
			isa = PBXGroup;
			children = (
				FA503EAD2AA6CF7E0060454E /* Preview Assets.xcassets */,
			);
			path = "Preview Content";
			sourceTree = "<group>";
		};
		FA503EB42AA6CFC50060454E /* Module */ = {
			isa = PBXGroup;
			children = (
				FA503EB62AA6D0DC0060454E /* Auth */,
				FA503EBC2AA6D19E0060454E /* Chat */,
				FA4E97642AA8F65500E27282 /* Todo */,
				FA503EBB2AA6D1820060454E /* Profile */,
				FA4E97652AA8F67600E27282 /* BaseView */,
			);
			path = Module;
			sourceTree = "<group>";
		};
		FA503EB52AA6CFEF0060454E /* App */ = {
			isa = PBXGroup;
			children = (
				FA503EA62AA6CF7B0060454E /* ChatTodoApp.swift */,
			);
			path = App;
			sourceTree = "<group>";
		};
		FA503EB62AA6D0DC0060454E /* Auth */ = {
			isa = PBXGroup;
			children = (
				FA503EB92AA6D17B0060454E /* LoginView.swift */,
				FA503EBD2AA6D9290060454E /* RegisterView.swift */,
				FA4E97622AA8E82600E27282 /* RootView.swift */,
			);
			path = Auth;
			sourceTree = "<group>";
		};
		FA503EBB2AA6D1820060454E /* Profile */ = {
			isa = PBXGroup;
			children = (
				FAA156742AA82FE600E20A16 /* ProfileView.swift */,
			);
			path = Profile;
			sourceTree = "<group>";
		};
		FA503EBC2AA6D19E0060454E /* Chat */ = {
			isa = PBXGroup;
			children = (
			);
			path = Chat;
			sourceTree = "<group>";
		};
		FAA1566A2AA81D6900E20A16 /* Domain */ = {
			isa = PBXGroup;
			children = (
				FAA156782AA856E900E20A16 /* VIewModel */,
				FAA1566F2AA8233D00E20A16 /* Model */,
			);
			path = Domain;
			sourceTree = "<group>";
		};
		FAA1566F2AA8233D00E20A16 /* Model */ = {
			isa = PBXGroup;
			children = (
				FA4E97602AA8E72600E27282 /* User.swift */,
			);
			path = Model;
			sourceTree = "<group>";
		};
		FAA156782AA856E900E20A16 /* VIewModel */ = {
			isa = PBXGroup;
			children = (
				FAA156932AA8CA6500E20A16 /* AuthViewModel.swift */,
			);
			path = VIewModel;
			sourceTree = "<group>";
		};
		FAA1567B2AA8646E00E20A16 /* Frameworks */ = {
			isa = PBXGroup;
			children = (
			);
			name = Frameworks;
			sourceTree = "<group>";
		};
/* End PBXGroup section */

/* Begin PBXNativeTarget section */
		FA503EA22AA6CF7B0060454E /* ChatTodo */ = {
			isa = PBXNativeTarget;
			buildConfigurationList = FA503EB12AA6CF7E0060454E /* Build configuration list for PBXNativeTarget "ChatTodo" */;
			buildPhases = (
				FA503E9F2AA6CF7B0060454E /* Sources */,
				FA503EA02AA6CF7B0060454E /* Frameworks */,
				FA503EA12AA6CF7B0060454E /* Resources */,
			);
			buildRules = (
			);
			dependencies = (
			);
			name = ChatTodo;
			packageProductDependencies = (
				FAA1568B2AA873D500E20A16 /* FirebaseAuth */,
				FAA1568D2AA873D500E20A16 /* FirebaseFirestore */,
				FAA1568F2AA873D500E20A16 /* FirebaseStorage */,
				FA4E975E2AA8E18900E27282 /* FirebaseFirestoreSwift-Beta */,
			);
			productName = ChatTodo;
			productReference = FA503EA32AA6CF7B0060454E /* ChatTodo.app */;
			productType = "com.apple.product-type.application";
		};
/* End PBXNativeTarget section */

/* Begin PBXProject section */
		FA503E9B2AA6CF7B0060454E /* Project object */ = {
			isa = PBXProject;
			attributes = {
				BuildIndependentTargetsInParallel = 1;
				LastSwiftUpdateCheck = 1420;
				LastUpgradeCheck = 1420;
				TargetAttributes = {
					FA503EA22AA6CF7B0060454E = {
						CreatedOnToolsVersion = 14.2;
					};
				};
			};
			buildConfigurationList = FA503E9E2AA6CF7B0060454E /* Build configuration list for PBXProject "ChatTodo" */;
			compatibilityVersion = "Xcode 14.0";
			developmentRegion = en;
			hasScannedForEncodings = 0;
			knownRegions = (
				en,
				Base,
			);
			mainGroup = FA503E9A2AA6CF7B0060454E;
			packageReferences = (
				FAA1568A2AA873D500E20A16 /* XCRemoteSwiftPackageReference "firebase-ios-sdk" */,
			);
			productRefGroup = FA503EA42AA6CF7B0060454E /* Products */;
			projectDirPath = "";
			projectRoot = "";
			targets = (
				FA503EA22AA6CF7B0060454E /* ChatTodo */,
			);
		};
/* End PBXProject section */

/* Begin PBXResourcesBuildPhase section */
		FA503EA12AA6CF7B0060454E /* Resources */ = {
			isa = PBXResourcesBuildPhase;
			buildActionMask = 2147483647;
			files = (
				FA503EAE2AA6CF7E0060454E /* Preview Assets.xcassets in Resources */,
				FA503EAB2AA6CF7E0060454E /* Assets.xcassets in Resources */,
				FAA156922AA873FC00E20A16 /* GoogleService-Info.plist in Resources */,
			);
			runOnlyForDeploymentPostprocessing = 0;
		};
/* End PBXResourcesBuildPhase section */

/* Begin PBXSourcesBuildPhase section */
		FA503E9F2AA6CF7B0060454E /* Sources */ = {
			isa = PBXSourcesBuildPhase;
			buildActionMask = 2147483647;
			files = (
				FAA156942AA8CA6500E20A16 /* AuthViewModel.swift in Sources */,
				FA503EBA2AA6D17B0060454E /* LoginView.swift in Sources */,
				FA503EBE2AA6D9290060454E /* RegisterView.swift in Sources */,
				FAA156962AA8D02100E20A16 /* InputTextFieldView.swift in Sources */,
				FAA156752AA82FE700E20A16 /* ProfileView.swift in Sources */,
				FA4E97612AA8E72600E27282 /* User.swift in Sources */,
				FA4E97632AA8E82600E27282 /* RootView.swift in Sources */,
				FA503EA72AA6CF7B0060454E /* ChatTodoApp.swift in Sources */,
				FAA156772AA8324F00E20A16 /* RowSectionView.swift in Sources */,
			);
			runOnlyForDeploymentPostprocessing = 0;
		};
/* End PBXSourcesBuildPhase section */

/* Begin XCBuildConfiguration section */
		FA503EAF2AA6CF7E0060454E /* Debug */ = {
			isa = XCBuildConfiguration;
			buildSettings = {
				ALWAYS_SEARCH_USER_PATHS = NO;
				CLANG_ANALYZER_NONNULL = YES;
				CLANG_ANALYZER_NUMBER_OBJECT_CONVERSION = YES_AGGRESSIVE;
				CLANG_CXX_LANGUAGE_STANDARD = "gnu++20";
				CLANG_ENABLE_MODULES = YES;
				CLANG_ENABLE_OBJC_ARC = YES;
				CLANG_ENABLE_OBJC_WEAK = YES;
				CLANG_WARN_BLOCK_CAPTURE_AUTORELEASING = YES;
				CLANG_WARN_BOOL_CONVERSION = YES;
				CLANG_WARN_COMMA = YES;
				CLANG_WARN_CONSTANT_CONVERSION = YES;
				CLANG_WARN_DEPRECATED_OBJC_IMPLEMENTATIONS = YES;
				CLANG_WARN_DIRECT_OBJC_ISA_USAGE = YES_ERROR;
				CLANG_WARN_DOCUMENTATION_COMMENTS = YES;
				CLANG_WARN_EMPTY_BODY = YES;
				CLANG_WARN_ENUM_CONVERSION = YES;
				CLANG_WARN_INFINITE_RECURSION = YES;
				CLANG_WARN_INT_CONVERSION = YES;
				CLANG_WARN_NON_LITERAL_NULL_CONVERSION = YES;
				CLANG_WARN_OBJC_IMPLICIT_RETAIN_SELF = YES;
				CLANG_WARN_OBJC_LITERAL_CONVERSION = YES;
				CLANG_WARN_OBJC_ROOT_CLASS = YES_ERROR;
				CLANG_WARN_QUOTED_INCLUDE_IN_FRAMEWORK_HEADER = YES;
				CLANG_WARN_RANGE_LOOP_ANALYSIS = YES;
				CLANG_WARN_STRICT_PROTOTYPES = YES;
				CLANG_WARN_SUSPICIOUS_MOVE = YES;
				CLANG_WARN_UNGUARDED_AVAILABILITY = YES_AGGRESSIVE;
				CLANG_WARN_UNREACHABLE_CODE = YES;
				CLANG_WARN__DUPLICATE_METHOD_MATCH = YES;
				COPY_PHASE_STRIP = NO;
				DEBUG_INFORMATION_FORMAT = dwarf;
				ENABLE_STRICT_OBJC_MSGSEND = YES;
				ENABLE_TESTABILITY = YES;
				GCC_C_LANGUAGE_STANDARD = gnu11;
				GCC_DYNAMIC_NO_PIC = NO;
				GCC_NO_COMMON_BLOCKS = YES;
				GCC_OPTIMIZATION_LEVEL = 0;
				GCC_PREPROCESSOR_DEFINITIONS = (
					"DEBUG=1",
					"$(inherited)",
				);
				GCC_WARN_64_TO_32_BIT_CONVERSION = YES;
				GCC_WARN_ABOUT_RETURN_TYPE = YES_ERROR;
				GCC_WARN_UNDECLARED_SELECTOR = YES;
				GCC_WARN_UNINITIALIZED_AUTOS = YES_AGGRESSIVE;
				GCC_WARN_UNUSED_FUNCTION = YES;
				GCC_WARN_UNUSED_VARIABLE = YES;
				IPHONEOS_DEPLOYMENT_TARGET = 16.2;
				MTL_ENABLE_DEBUG_INFO = INCLUDE_SOURCE;
				MTL_FAST_MATH = YES;
				ONLY_ACTIVE_ARCH = YES;
				SDKROOT = iphoneos;
				SWIFT_ACTIVE_COMPILATION_CONDITIONS = DEBUG;
				SWIFT_OPTIMIZATION_LEVEL = "-Onone";
			};
			name = Debug;
		};
		FA503EB02AA6CF7E0060454E /* Release */ = {
			isa = XCBuildConfiguration;
			buildSettings = {
				ALWAYS_SEARCH_USER_PATHS = NO;
				CLANG_ANALYZER_NONNULL = YES;
				CLANG_ANALYZER_NUMBER_OBJECT_CONVERSION = YES_AGGRESSIVE;
				CLANG_CXX_LANGUAGE_STANDARD = "gnu++20";
				CLANG_ENABLE_MODULES = YES;
				CLANG_ENABLE_OBJC_ARC = YES;
				CLANG_ENABLE_OBJC_WEAK = YES;
				CLANG_WARN_BLOCK_CAPTURE_AUTORELEASING = YES;
				CLANG_WARN_BOOL_CONVERSION = YES;
				CLANG_WARN_COMMA = YES;
				CLANG_WARN_CONSTANT_CONVERSION = YES;
				CLANG_WARN_DEPRECATED_OBJC_IMPLEMENTATIONS = YES;
				CLANG_WARN_DIRECT_OBJC_ISA_USAGE = YES_ERROR;
				CLANG_WARN_DOCUMENTATION_COMMENTS = YES;
				CLANG_WARN_EMPTY_BODY = YES;
				CLANG_WARN_ENUM_CONVERSION = YES;
				CLANG_WARN_INFINITE_RECURSION = YES;
				CLANG_WARN_INT_CONVERSION = YES;
				CLANG_WARN_NON_LITERAL_NULL_CONVERSION = YES;
				CLANG_WARN_OBJC_IMPLICIT_RETAIN_SELF = YES;
				CLANG_WARN_OBJC_LITERAL_CONVERSION = YES;
				CLANG_WARN_OBJC_ROOT_CLASS = YES_ERROR;
				CLANG_WARN_QUOTED_INCLUDE_IN_FRAMEWORK_HEADER = YES;
				CLANG_WARN_RANGE_LOOP_ANALYSIS = YES;
				CLANG_WARN_STRICT_PROTOTYPES = YES;
				CLANG_WARN_SUSPICIOUS_MOVE = YES;
				CLANG_WARN_UNGUARDED_AVAILABILITY = YES_AGGRESSIVE;
				CLANG_WARN_UNREACHABLE_CODE = YES;
				CLANG_WARN__DUPLICATE_METHOD_MATCH = YES;
				COPY_PHASE_STRIP = NO;
				DEBUG_INFORMATION_FORMAT = "dwarf-with-dsym";
				ENABLE_NS_ASSERTIONS = NO;
				ENABLE_STRICT_OBJC_MSGSEND = YES;
				GCC_C_LANGUAGE_STANDARD = gnu11;
				GCC_NO_COMMON_BLOCKS = YES;
				GCC_WARN_64_TO_32_BIT_CONVERSION = YES;
				GCC_WARN_ABOUT_RETURN_TYPE = YES_ERROR;
				GCC_WARN_UNDECLARED_SELECTOR = YES;
				GCC_WARN_UNINITIALIZED_AUTOS = YES_AGGRESSIVE;
				GCC_WARN_UNUSED_FUNCTION = YES;
				GCC_WARN_UNUSED_VARIABLE = YES;
				IPHONEOS_DEPLOYMENT_TARGET = 16.2;
				MTL_ENABLE_DEBUG_INFO = NO;
				MTL_FAST_MATH = YES;
				SDKROOT = iphoneos;
				SWIFT_COMPILATION_MODE = wholemodule;
				SWIFT_OPTIMIZATION_LEVEL = "-O";
				VALIDATE_PRODUCT = YES;
			};
			name = Release;
		};
		FA503EB22AA6CF7E0060454E /* Debug */ = {
			isa = XCBuildConfiguration;
			buildSettings = {
				ASSETCATALOG_COMPILER_APPICON_NAME = AppIcon;
				ASSETCATALOG_COMPILER_GLOBAL_ACCENT_COLOR_NAME = AccentColor;
				CODE_SIGN_STYLE = Automatic;
				CURRENT_PROJECT_VERSION = 1;
				DEVELOPMENT_ASSET_PATHS = "\"ChatTodo/Preview Content\"";
				DEVELOPMENT_TEAM = QU42AC77L3;
				ENABLE_PREVIEWS = YES;
				GENERATE_INFOPLIST_FILE = YES;
				INFOPLIST_KEY_UIApplicationSceneManifest_Generation = YES;
				INFOPLIST_KEY_UIApplicationSupportsIndirectInputEvents = YES;
				INFOPLIST_KEY_UILaunchScreen_Generation = YES;
				INFOPLIST_KEY_UISupportedInterfaceOrientations = UIInterfaceOrientationPortrait;
				LD_RUNPATH_SEARCH_PATHS = (
					"$(inherited)",
					"@executable_path/Frameworks",
				);
				MARKETING_VERSION = 1.0;
				PRODUCT_BUNDLE_IDENTIFIER = com.rahmatsusanto.dev.ChatTodo;
				PRODUCT_NAME = "$(TARGET_NAME)";
				SWIFT_EMIT_LOC_STRINGS = YES;
				SWIFT_VERSION = 5.0;
				TARGETED_DEVICE_FAMILY = "1,2";
			};
			name = Debug;
		};
		FA503EB32AA6CF7E0060454E /* Release */ = {
			isa = XCBuildConfiguration;
			buildSettings = {
				ASSETCATALOG_COMPILER_APPICON_NAME = AppIcon;
				ASSETCATALOG_COMPILER_GLOBAL_ACCENT_COLOR_NAME = AccentColor;
				CODE_SIGN_STYLE = Automatic;
				CURRENT_PROJECT_VERSION = 1;
				DEVELOPMENT_ASSET_PATHS = "\"ChatTodo/Preview Content\"";
				DEVELOPMENT_TEAM = QU42AC77L3;
				ENABLE_PREVIEWS = YES;
				GENERATE_INFOPLIST_FILE = YES;
				INFOPLIST_KEY_UIApplicationSceneManifest_Generation = YES;
				INFOPLIST_KEY_UIApplicationSupportsIndirectInputEvents = YES;
				INFOPLIST_KEY_UILaunchScreen_Generation = YES;
				INFOPLIST_KEY_UISupportedInterfaceOrientations = UIInterfaceOrientationPortrait;
				LD_RUNPATH_SEARCH_PATHS = (
					"$(inherited)",
					"@executable_path/Frameworks",
				);
				MARKETING_VERSION = 1.0;
				PRODUCT_BUNDLE_IDENTIFIER = com.rahmatsusanto.dev.ChatTodo;
				PRODUCT_NAME = "$(TARGET_NAME)";
				SWIFT_EMIT_LOC_STRINGS = YES;
				SWIFT_VERSION = 5.0;
				TARGETED_DEVICE_FAMILY = "1,2";
			};
			name = Release;
		};
/* End XCBuildConfiguration section */

/* Begin XCConfigurationList section */
		FA503E9E2AA6CF7B0060454E /* Build configuration list for PBXProject "ChatTodo" */ = {
			isa = XCConfigurationList;
			buildConfigurations = (
				FA503EAF2AA6CF7E0060454E /* Debug */,
				FA503EB02AA6CF7E0060454E /* Release */,
			);
			defaultConfigurationIsVisible = 0;
			defaultConfigurationName = Release;
		};
		FA503EB12AA6CF7E0060454E /* Build configuration list for PBXNativeTarget "ChatTodo" */ = {
			isa = XCConfigurationList;
			buildConfigurations = (
				FA503EB22AA6CF7E0060454E /* Debug */,
				FA503EB32AA6CF7E0060454E /* Release */,
			);
			defaultConfigurationIsVisible = 0;
			defaultConfigurationName = Release;
		};
/* End XCConfigurationList section */

/* Begin XCRemoteSwiftPackageReference section */
		FAA1568A2AA873D500E20A16 /* XCRemoteSwiftPackageReference "firebase-ios-sdk" */ = {
			isa = XCRemoteSwiftPackageReference;
			repositoryURL = "https://github.com/firebase/firebase-ios-sdk";
			requirement = {
				kind = upToNextMajorVersion;
				minimumVersion = 8.0.0;
			};
		};
/* End XCRemoteSwiftPackageReference section */

/* Begin XCSwiftPackageProductDependency section */
		FA4E975E2AA8E18900E27282 /* FirebaseFirestoreSwift-Beta */ = {
			isa = XCSwiftPackageProductDependency;
			package = FAA1568A2AA873D500E20A16 /* XCRemoteSwiftPackageReference "firebase-ios-sdk" */;
			productName = "FirebaseFirestoreSwift-Beta";
		};
		FAA1568B2AA873D500E20A16 /* FirebaseAuth */ = {
			isa = XCSwiftPackageProductDependency;
			package = FAA1568A2AA873D500E20A16 /* XCRemoteSwiftPackageReference "firebase-ios-sdk" */;
			productName = FirebaseAuth;
		};
		FAA1568D2AA873D500E20A16 /* FirebaseFirestore */ = {
			isa = XCSwiftPackageProductDependency;
			package = FAA1568A2AA873D500E20A16 /* XCRemoteSwiftPackageReference "firebase-ios-sdk" */;
			productName = FirebaseFirestore;
		};
		FAA1568F2AA873D500E20A16 /* FirebaseStorage */ = {
			isa = XCSwiftPackageProductDependency;
			package = FAA1568A2AA873D500E20A16 /* XCRemoteSwiftPackageReference "firebase-ios-sdk" */;
			productName = FirebaseStorage;
		};
/* End XCSwiftPackageProductDependency section */
	};
	rootObject = FA503E9B2AA6CF7B0060454E /* Project object */;
}
